
Microsoft Visual Studio Solution File, Format Version 12.00
# Visual Studio Version 16
VisualStudioVersion = 16.0.30001.183
MinimumVisualStudioVersion = 10.0.40219.1
Project("{FAE04EC0-301F-11D3-BF4B-00C04F79EFBC}") = "XFCollectionViewCommand.Android", "XFCollectionViewCommand\XFCollectionViewCommand.Android\XFCollectionViewCommand.Android.csproj", "{A20777A9-B90A-42B0-AD35-259193EAD97B}"
EndProject
Project("{FAE04EC0-301F-11D3-BF4B-00C04F79EFBC}") = "XFCollectionViewCommand.iOS", "XFCollectionViewCommand\XFCollectionViewCommand.iOS\XFCollectionViewCommand.iOS.csproj", "{A73C0A20-C766-4AD7-AF4A-6C951317AFF7}"
EndProject
Project("{FAE04EC0-301F-11D3-BF4B-00C04F79EFBC}") = "XFCollectionViewCommand", "XFCollectionViewCommand\XFCollectionViewCommand\XFCollectionViewCommand.csproj", "{E790FDAA-BCDF-4AF0-9DFF-5D41B4AC8268}"
EndProject
Global
	GlobalSection(SolutionConfigurationPlatforms) = preSolution
		Debug|Any CPU = Debug|Any CPU
		Debug|iPhone = Debug|iPhone
		Debug|iPhoneSimulator = Debug|iPhoneSimulator
		Release|Any CPU = Release|Any CPU
		Release|iPhone = Release|iPhone
		Release|iPhoneSimulator = Release|iPhoneSimulator
	EndGlobalSection
	GlobalSection(ProjectConfigurationPlatforms) = postSolution
		{A20777A9-B90A-42B0-AD35-259193EAD97B}.Debug|Any CPU.ActiveCfg = Debug|Any CPU
		{A20777A9-B90A-42B0-AD35-259193EAD97B}.Debug|Any CPU.Build.0 = Debug|Any CPU
		{A20777A9-B90A-42B0-AD35-259193EAD97B}.Debug|Any CPU.Deploy.0 = Debug|Any CPU
		{A20777A9-B90A-42B0-AD35-259193EAD97B}.Debug|iPhone.ActiveCfg = Debug|Any CPU
		{A20777A9-B90A-42B0-AD35-259193EAD97B}.Debug|iPhone.Build.0 = Debug|Any CPU
		{A20777A9-B90A-42B0-AD35-259193EAD97B}.Debug|iPhone.Deploy.0 = Debug|Any CPU
		{A20777A9-B90A-42B0-AD35-259193EAD97B}.Debug|iPhoneSimulator.ActiveCfg = Debug|Any CPU
		{A20777A9-B90A-42B0-AD35-259193EAD97B}.Debug|iPhoneSimulator.Build.0 = Debug|Any CPU
		{A20777A9-B90A-42B0-AD35-259193EAD97B}.Debug|iPhoneSimulator.Deploy.0 = Debug|Any CPU
		{A20777A9-B90A-42B0-AD35-259193EAD97B}.Release|Any CPU.ActiveCfg = Release|Any CPU
		{A20777A9-B90A-42B0-AD35-259193EAD97B}.Release|Any CPU.Build.0 = Release|Any CPU
		{A20777A9-B90A-42B0-AD35-259193EAD97B}.Release|Any CPU.Deploy.0 = Release|Any CPU
		{A20777A9-B90A-42B0-AD35-259193EAD97B}.Release|iPhone.ActiveCfg = Release|Any CPU
		{A20777A9-B90A-42B0-AD35-259193EAD97B}.Release|iPhone.Build.0 = Release|Any CPU
		{A20777A9-B90A-42B0-AD35-259193EAD97B}.Release|iPhone.Deploy.0 = Release|Any CPU
		{A20777A9-B90A-42B0-AD35-259193EAD97B}.Release|iPhoneSimulator.ActiveCfg = Release|Any CPU
		{A20777A9-B90A-42B0-AD35-259193EAD97B}.Release|iPhoneSimulator.Build.0 = Release|Any CPU
		{A20777A9-B90A-42B0-AD35-259193EAD97B}.Release|iPhoneSimulator.Deploy.0 = Release|Any CPU
		{A73C0A20-C766-4AD7-AF4A-6C951317AFF7}.Debug|Any CPU.ActiveCfg = Debug|iPhone
		{A73C0A20-C766-4AD7-AF4A-6C951317AFF7}.Debug|Any CPU.Build.0 = Debug|iPhone
		{A73C0A20-C766-4AD7-AF4A-6C951317AFF7}.Debug|Any CPU.Deploy.0 = Debug|iPhone
		{A73C0A20-C766-4AD7-AF4A-6C951317AFF7}.Debug|iPhone.ActiveCfg = Debug|iPhone
		{A73C0A20-C766-4AD7-AF4A-6C951317AFF7}.Debug|iPhone.Build.0 = Debug|iPhone
		{A73C0A20-C766-4AD7-AF4A-6C951317AFF7}.Debug|iPhone.Deploy.0 = Debug|iPhone
		{A73C0A20-C766-4AD7-AF4A-6C951317AFF7}.Debug|iPhoneSimulator.ActiveCfg = Debug|iPhoneSimulator
		{A73C0A20-C766-4AD7-AF4A-6C951317AFF7}.Debug|iPhoneSimulator.Build.0 = Debug|iPhoneSimulator
		{A73C0A20-C766-4AD7-AF4A-6C951317AFF7}.Debug|iPhoneSimulator.Deploy.0 = Debug|iPhoneSimulator
		{A73C0A20-C766-4AD7-AF4A-6C951317AFF7}.Release|Any CPU.ActiveCfg = Release|iPhone
		{A73C0A20-C766-4AD7-AF4A-6C951317AFF7}.Release|Any CPU.Build.0 = Release|iPhone
		{A73C0A20-C766-4AD7-AF4A-6C951317AFF7}.Release|Any CPU.Deploy.0 = Release|iPhone
		{A73C0A20-C766-4AD7-AF4A-6C951317AFF7}.Release|iPhone.ActiveCfg = Release|iPhone
		{A73C0A20-C766-4AD7-AF4A-6C951317AFF7}.Release|iPhone.Build.0 = Release|iPhone
		{A73C0A20-C766-4AD7-AF4A-6C951317AFF7}.Release|iPhone.Deploy.0 = Release|iPhone
		{A73C0A20-C766-4AD7-AF4A-6C951317AFF7}.Release|iPhoneSimulator.ActiveCfg = Release|iPhoneSimulator
		{A73C0A20-C766-4AD7-AF4A-6C951317AFF7}.Release|iPhoneSimulator.Build.0 = Release|iPhoneSimulator
		{A73C0A20-C766-4AD7-AF4A-6C951317AFF7}.Release|iPhoneSimulator.Deploy.0 = Release|iPhoneSimulator
		{E790FDAA-BCDF-4AF0-9DFF-5D41B4AC8268}.Debug|Any CPU.ActiveCfg = Debug|Any CPU
		{E790FDAA-BCDF-4AF0-9DFF-5D41B4AC8268}.Debug|Any CPU.Build.0 = Debug|Any CPU
		{E790FDAA-BCDF-4AF0-9DFF-5D41B4AC8268}.Debug|Any CPU.Deploy.0 = Debug|Any CPU
		{E790FDAA-BCDF-4AF0-9DFF-5D41B4AC8268}.Debug|iPhone.ActiveCfg = Debug|Any CPU
		{E790FDAA-BCDF-4AF0-9DFF-5D41B4AC8268}.Debug|iPhone.Build.0 = Debug|Any CPU
		{E790FDAA-BCDF-4AF0-9DFF-5D41B4AC8268}.Debug|iPhone.Deploy.0 = Debug|Any CPU
		{E790FDAA-BCDF-4AF0-9DFF-5D41B4AC8268}.Debug|iPhoneSimulator.ActiveCfg = Debug|Any CPU
		{E790FDAA-BCDF-4AF0-9DFF-5D41B4AC8268}.Debug|iPhoneSimulator.Build.0 = Debug|Any CPU
		{E790FDAA-BCDF-4AF0-9DFF-5D41B4AC8268}.Debug|iPhoneSimulator.Deploy.0 = Debug|Any CPU
		{E790FDAA-BCDF-4AF0-9DFF-5D41B4AC8268}.Release|Any CPU.ActiveCfg = Release|Any CPU
		{E790FDAA-BCDF-4AF0-9DFF-5D41B4AC8268}.Release|Any CPU.Build.0 = Release|Any CPU
		{E790FDAA-BCDF-4AF0-9DFF-5D41B4AC8268}.Release|Any CPU.Deploy.0 = Release|Any CPU
		{E790FDAA-BCDF-4AF0-9DFF-5D41B4AC8268}.Release|iPhone.ActiveCfg = Release|Any CPU
		{E790FDAA-BCDF-4AF0-9DFF-5D41B4AC8268}.Release|iPhone.Build.0 = Release|Any CPU
		{E790FDAA-BCDF-4AF0-9DFF-5D41B4AC8268}.Release|iPhone.Deploy.0 = Release|Any CPU
		{E790FDAA-BCDF-4AF0-9DFF-5D41B4AC8268}.Release|iPhoneSimulator.ActiveCfg = Release|Any CPU
		{E790FDAA-BCDF-4AF0-9DFF-5D41B4AC8268}.Release|iPhoneSimulator.Build.0 = Release|Any CPU
		{E790FDAA-BCDF-4AF0-9DFF-5D41B4AC8268}.Release|iPhoneSimulator.Deploy.0 = Release|Any CPU
	EndGlobalSection
	GlobalSection(SolutionProperties) = preSolution
		HideSolutionNode = FALSE
	EndGlobalSection
	GlobalSection(ExtensibilityGlobals) = postSolution
		SolutionGuid = {C712B1E2-C195-4DC2-B68F-950FE59DA7F9}
	EndGlobalSection
EndGlobal
